
Microsoft Visual Studio Solution File, Format Version 12.00
# Visual Studio Version 17
VisualStudioVersion = 17.5.33414.496
MinimumVisualStudioVersion = 10.0.40219.1
Project("{FAE04EC0-301F-11D3-BF4B-00C04F79EFBC}") = "HailToTheNoxus_", "HailToTheNoxus_\HailToTheNoxus_.csproj", "{539DF478-5F41-4DC9-AA66-3E72FE336AED}"
EndProject
Global
	GlobalSection(SolutionConfigurationPlatforms) = preSolution
		Debug|Any CPU = Debug|Any CPU
		Release|Any CPU = Release|Any CPU
	EndGlobalSection
	GlobalSection(ProjectConfigurationPlatforms) = postSolution
		{539DF478-5F41-4DC9-AA66-3E72FE336AED}.Debug|Any CPU.ActiveCfg = Debug|Any CPU
		{539DF478-5F41-4DC9-AA66-3E72FE336AED}.Debug|Any CPU.Build.0 = Debug|Any CPU
		{539DF478-5F41-4DC9-AA66-3E72FE336AED}.Release|Any CPU.ActiveCfg = Release|Any CPU
		{539DF478-5F41-4DC9-AA66-3E72FE336AED}.Release|Any CPU.Build.0 = Release|Any CPU
	EndGlobalSection
	GlobalSection(SolutionProperties) = preSolution
		HideSolutionNode = FALSE
	EndGlobalSection
	GlobalSection(ExtensibilityGlobals) = postSolution
		SolutionGuid = {07263C19-73AB-4731-91F4-E5C1264C8C4B}
	EndGlobalSection
EndGlobal
